
Microsoft Visual Studio Solution File, Format Version 12.00
# Visual Studio 15
VisualStudioVersion = 15.0.28010.2036
MinimumVisualStudioVersion = 10.0.40219.1
Project("{FAE04EC0-301F-11D3-BF4B-00C04F79EFBC}") = "Demo.Menu", "Demo.Menu\Demo.Menu.csproj", "{028775F7-4A3A-4DDE-BB8D-8F68CA7F43FE}"
EndProject
Global
	GlobalSection(SolutionConfigurationPlatforms) = preSolution
		Debug|Any CPU = Debug|Any CPU
		Release|Any CPU = Release|Any CPU
	EndGlobalSection
	GlobalSection(ProjectConfigurationPlatforms) = postSolution
		{028775F7-4A3A-4DDE-BB8D-8F68CA7F43FE}.Debug|Any CPU.ActiveCfg = Debug|Any CPU
		{028775F7-4A3A-4DDE-BB8D-8F68CA7F43FE}.Debug|Any CPU.Build.0 = Debug|Any CPU
		{028775F7-4A3A-4DDE-BB8D-8F68CA7F43FE}.Release|Any CPU.ActiveCfg = Release|Any CPU
		{028775F7-4A3A-4DDE-BB8D-8F68CA7F43FE}.Release|Any CPU.Build.0 = Release|Any CPU
	EndGlobalSection
	GlobalSection(SolutionProperties) = preSolution
		HideSolutionNode = FALSE
	EndGlobalSection
	GlobalSection(ExtensibilityGlobals) = postSolution
		SolutionGuid = {4DA89A7F-ED16-41E3-9B60-3B1E8EBA5228}
	EndGlobalSection
EndGlobal
